<?xml version="1.0" encoding="utf-8"?>
<Project ToolsVersion="4.0" xmlns="http://schemas.microsoft.com/developer/msbuild/2003">
  <ItemGroup>
	<ClCompile Include="source\portabletests.cpp">
	  <Filter>Source Files</Filter>
	</ClCompile>
	<ClCompile Include="source\TestAltirra_ArtifactingFiltersPortable.cpp">
	  <Filter>Source Files</Filter>
	</ClCompile>
	<ClCompile Include="source\TestAltirra_ConstantsPortable.cpp">
	  <Filter>Source Files</Filter>
	</ClCompile>
	<ClCompile Include="source\TestAltirra_ErrorDecodePortable.cpp">
	  <Filter>Source Files</Filter>
	</ClCompile>
	<ClCompile Include="source\TestAltirra_InputDefsPortable.cpp">
	  <Filter>Source Files</Filter>
	</ClCompile>
	<ClCompile Include="source\TestAltirra_InputMapPortable.cpp">
	  <Filter>Source Files</Filter>
	</ClCompile>
	<ClCompile Include="source\TestAltirra_PNGPortable.cpp">
	  <Filter>Source Files</Filter>
	</ClCompile>
	<ClCompile Include="source\TestAltirra_Printer1020FontPortable.cpp">
	  <Filter>Source Files</Filter>
	</ClCompile>
	<ClCompile Include="source\TestAltirra_PrinterFontsPortable.cpp">
	  <Filter>Source Files</Filter>
	</ClCompile>
	<ClCompile Include="source\TestAltirra_TracePortable.cpp">
	  <Filter>Source Files</Filter>
	</ClCompile>
	<ClCompile Include="source\TestAltirra_TraceTapePortable.cpp">
	  <Filter>Source Files</Filter>
	</ClCompile>
	<ClCompile Include="source\TestAltirra_SimEventManagerPortable.cpp">
	  <Filter>Source Files</Filter>
	</ClCompile>
	<ClCompile Include="source\TestAltirra_VideoManagerPortable.cpp">
	  <Filter>Source Files</Filter>
	</ClCompile>
	<ClCompile Include="source\TestSystem_Binary.cpp">
	  <Filter>Source Files</Filter>
	</ClCompile>
	<ClCompile Include="source\TestSystem_BitMath.cpp">
	  <Filter>Source Files</Filter>
	</ClCompile>
	<ClCompile Include="source\TestSystem_Cache.cpp">
	  <Filter>Source Files</Filter>
	</ClCompile>
	<ClCompile Include="source\TestSystem_CommandLine.cpp">
	  <Filter>Source Files</Filter>
	</ClCompile>
	<ClCompile Include="source\TestSystem_Constexpr.cpp">
	  <Filter>Source Files</Filter>
	</ClCompile>
	<ClCompile Include="source\TestSystem_CPUAccel.cpp">
	  <Filter>Source Files</Filter>
	</ClCompile>
	<ClCompile Include="source\TestSystem_Date.cpp">
	  <Filter>Source Files</Filter>
	</ClCompile>
	<ClCompile Include="source\TestSystem_Debug.cpp">
	  <Filter>Source Files</Filter>
	</ClCompile>
	<ClCompile Include="source\TestSystem_Error.cpp">
	  <Filter>Source Files</Filter>
	</ClCompile>
	<ClCompile Include="source\TestSystem_Event.cpp">
	  <Filter>Source Files</Filter>
	</ClCompile>
	<ClCompile Include="source\TestCore_ChecksumPortable.cpp">
	  <Filter>Source Files</Filter>
	</ClCompile>
	<ClCompile Include="source\TestCore_FFTPortable.cpp">
	  <Filter>Source Files</Filter>
	</ClCompile>
	<ClCompile Include="source\TestCore_TimerServicePortable.cpp">
	  <Filter>Source Files</Filter>
	</ClCompile>
	<ClCompile Include="source\TestIO_FLACAccelPortable.cpp">
	  <Filter>Source Files</Filter>
	</ClCompile>
	<ClCompile Include="source\TestIO_CartridgeImagePortable.cpp">
	  <Filter>Source Files</Filter>
	</ClCompile>
	<ClCompile Include="source\TestIO_CassetteAudioFiltersPortable.cpp">
	  <Filter>Source Files</Filter>
	</ClCompile>
	<ClCompile Include="source\TestIO_CassetteDecoderPortable.cpp">
	  <Filter>Source Files</Filter>
	</ClCompile>
	<ClCompile Include="source\TestKasumi_Resolve4xPortable.cpp">
	  <Filter>Source Files</Filter>
	</ClCompile>
	<ClCompile Include="source\TestKasumi_ResampleStagesPortable.cpp">
	  <Filter>Source Files</Filter>
	</ClCompile>
	<ClCompile Include="source\TestKasumi_YCbCr709Portable.cpp">
	  <Filter>Source Files</Filter>
	</ClCompile>
	<ClCompile Include="source\TestKasumi_YUVReferencePortable.cpp">
	  <Filter>Source Files</Filter>
	</ClCompile>
	<ClCompile Include="source\TestSystem_File.cpp">
	  <Filter>Source Files</Filter>
	</ClCompile>
	<ClCompile Include="source\TestSystem_FileAsync.cpp">
	  <Filter>Source Files</Filter>
	</ClCompile>
	<ClCompile Include="source\TestSystem_FileStream.cpp">
	  <Filter>Source Files</Filter>
	</ClCompile>
	<ClCompile Include="source\TestSystem_FileWatcher.cpp">
	  <Filter>Source Files</Filter>
	</ClCompile>
	<ClCompile Include="source\TestSystem_FileSysPortable.cpp">
	  <Filter>Source Files</Filter>
	</ClCompile>
	<ClCompile Include="source\TestSystem_Fraction.cpp">
	  <Filter>Source Files</Filter>
	</ClCompile>
	<ClCompile Include="source\TestSystem_Hash.cpp">
	  <Filter>Source Files</Filter>
	</ClCompile>
	<ClCompile Include="source\TestSystem_HalfFloat.cpp">
	  <Filter>Source Files</Filter>
	</ClCompile>
	<ClCompile Include="source\TestSystem_Int128Portable.cpp">
	  <Filter>Source Files</Filter>
	</ClCompile>
	<ClCompile Include="source\TestSystem_LinearAlloc.cpp">
	  <Filter>Source Files</Filter>
	</ClCompile>
	<ClCompile Include="source\TestSystem_MathPortable.cpp">
	  <Filter>Source Files</Filter>
	</ClCompile>
	<ClCompile Include="source\TestSystem_Memory.cpp">
	  <Filter>Source Files</Filter>
	</ClCompile>
	<ClCompile Include="source\TestSystem_Process.cpp">
	  <Filter>Source Files</Filter>
	</ClCompile>
	<ClCompile Include="source\TestSystem_Registry.cpp">
	  <Filter>Source Files</Filter>
	</ClCompile>
	<ClCompile Include="source\TestSystem_RegistryMemory.cpp">
	  <Filter>Source Files</Filter>
	</ClCompile>
	<ClCompile Include="source\TestSystem_RefCount.cpp">
	  <Filter>Source Files</Filter>
	</ClCompile>
	<ClCompile Include="source\TestSystem_StrUtil.cpp">
	  <Filter>Source Files</Filter>
	</ClCompile>
	<ClCompile Include="source\TestSystem_Text.cpp">
	  <Filter>Source Files</Filter>
	</ClCompile>
	<ClCompile Include="source\TestSystem_Thread.cpp">
	  <Filter>Source Files</Filter>
	</ClCompile>
	<ClCompile Include="source\TestSystem_Thunk.cpp">
	  <Filter>Source Files</Filter>
	</ClCompile>
	<ClCompile Include="source\TestSystem_Time.cpp">
	  <Filter>Source Files</Filter>
	</ClCompile>
	<ClCompile Include="source\TestSystem_TLS.cpp">
	  <Filter>Source Files</Filter>
	</ClCompile>
	<ClCompile Include="source\TestSystem_VDAlloc.cpp">
	  <Filter>Source Files</Filter>
	</ClCompile>
	<ClCompile Include="source\TestSystem_VDFunction.cpp">
	  <Filter>Source Files</Filter>
	</ClCompile>
	<ClCompile Include="source\TestSystem_VDString.cpp">
	  <Filter>Source Files</Filter>
	</ClCompile>
	<ClCompile Include="source\TestSystem_VDSTL.cpp">
	  <Filter>Source Files</Filter>
	</ClCompile>
	<ClCompile Include="source\TestSystem_VDSTLHash.cpp">
	  <Filter>Source Files</Filter>
	</ClCompile>
	<ClCompile Include="source\TestSystem_VDSTLHashTable.cpp">
	  <Filter>Source Files</Filter>
	</ClCompile>
	<ClCompile Include="source\TestSystem_Vectors.cpp">
	  <Filter>Source Files</Filter>
	</ClCompile>
	<ClCompile Include="source\TestSystem_ZipPortable.cpp">
	  <Filter>Source Files</Filter>
	</ClCompile>
    <Filter Include="Source Files">
      <UniqueIdentifier>{4FC737F1-C7A5-4376-A066-2A32D752A2FF}</UniqueIdentifier>
      <Extensions>cpp;c;cc;cxx;def;odl;idl;hpj;bat;asm;asmx</Extensions>
    </Filter>
    <Filter Include="Header Files">
      <UniqueIdentifier>{93995380-89BD-4b04-88EB-625FBE52EBFB}</UniqueIdentifier>
      <Extensions>h;hh;hpp;hxx;hm;inl;inc;xsd</Extensions>
    </Filter>
    <Filter Include="Resource Files">
      <UniqueIdentifier>{67DA6AB6-F800-4c08-8B7A-83BB121AAD01}</UniqueIdentifier>
      <Extensions>rc;ico;cur;bmp;dlg;rc2;rct;bin;rgs;gif;jpg;jpeg;jpe;resx;tiff;tif;png;wav;mfcribbon-ms</Extensions>
    </Filter>
    <Filter Include="Interface Files">
      <UniqueIdentifier>{7cb41de5-d7a2-4f87-aabb-9acc661760a9}</UniqueIdentifier>
    </Filter>
  </ItemGroup>
  <ItemGroup>
    <ClCompile Include="..\platform\Windows_x64\ATTest\source\stdafx.cpp">
      <Filter>Source Files</Filter>
    </ClCompile>
    <ClCompile Include="..\platform\Windows_x64\ATTest\source\main.cpp">
      <Filter>Source Files</Filter>
    </ClCompile>
    <ClCompile Include="..\platform\Windows_x64\ATTest\source\utils.cpp">
      <Filter>Source Files</Filter>
    </ClCompile>
    <ClCompile Include="..\platform\Windows_x64\ATTest\source\TestSystem_Function.cpp">
      <Filter>Source Files</Filter>
    </ClCompile>
    <ClCompile Include="..\platform\Windows_x64\ATTest\source\TestSystem_Int128.cpp">
      <Filter>Source Files</Filter>
    </ClCompile>
    <ClCompile Include="..\platform\Windows_x64\ATTest\source\TestDebugger_HistoryTree.cpp">
      <Filter>Source Files</Filter>
    </ClCompile>
    <ClCompile Include="..\platform\Windows_x64\ATTest\source\TestCoProc_6502.cpp">
      <Filter>Source Files</Filter>
    </ClCompile>
    <ClCompile Include="..\platform\Windows_x64\ATTest\source\TestSystem_Zip.cpp">
      <Filter>Source Files</Filter>
    </ClCompile>
    <ClCompile Include="..\platform\Windows_x64\ATTest\source\TestCore_Checksum.cpp">
      <Filter>Source Files</Filter>
    </ClCompile>
	<ClCompile Include="..\platform\Windows_x64\ATTest\source\TestSystem_Math.cpp">
	  <Filter>Source Files</Filter>
	</ClCompile>
	<ClCompile Include="..\platform\Windows_x64\ATTest\source\TestSystem_Portable.cpp">
	  <Filter>Source Files</Filter>
	</ClCompile>
    <ClCompile Include="..\platform\Windows_x64\ATTest\source\TestCore_VFS.cpp">
      <Filter>Source Files</Filter>
    </ClCompile>
    <ClCompile Include="..\platform\Windows_x64\ATTest\source\TestUI_TextDOM.cpp">
      <Filter>Source Files</Filter>
    </ClCompile>
    <ClCompile Include="..\platform\Windows_x64\ATTest\source\blob.cpp">
      <Filter>Source Files</Filter>
    </ClCompile>
    <ClCompile Include="..\platform\Windows_x64\ATTest\source\TestIO_DiskImage.cpp">
      <Filter>Source Files</Filter>
    </ClCompile>
    <ClCompile Include="..\platform\Windows_x64\ATTest\source\TestIO_VirtFAT32.cpp">
      <Filter>Source Files</Filter>
    </ClCompile>
    <ClCompile Include="..\platform\Windows_x64\ATTest\source\TestEmu_PokeyTimers.cpp">
      <Filter>Source Files</Filter>
    </ClCompile>
    <ClCompile Include="..\platform\Windows_x64\ATTest\source\TestIO_TapeWrite.cpp">
      <Filter>Source Files</Filter>
    </ClCompile>
    <ClCompile Include="..\platform\Windows_x64\ATTest\source\TestCore_MD5.cpp">
      <Filter>Source Files</Filter>
    </ClCompile>
    <ClCompile Include="..\platform\Windows_x64\ATTest\source\TestIO_FLAC.cpp">
      <Filter>Source Files</Filter>
    </ClCompile>
    <ClCompile Include="..\platform\Windows_x64\ATTest\source\TestEmu_PCLink.cpp">
      <Filter>Source Files</Filter>
    </ClCompile>
    <ClCompile Include="..\platform\Windows_x64\ATTest\source\TestKasumi_Uberblit.cpp">
      <Filter>Source Files</Filter>
    </ClCompile>
    <ClCompile Include="..\platform\Windows_x64\ATTest\source\TestKasumi_Resampler.cpp">
      <Filter>Source Files</Filter>
    </ClCompile>
    <ClCompile Include="..\platform\Windows_x64\ATTest\source\TestKasumi_Pixmap.cpp">
      <Filter>Source Files</Filter>
    </ClCompile>
    <ClCompile Include="..\platform\Windows_x64\ATTest\source\TestSystem_Filesys.cpp">
      <Filter>Source Files</Filter>
    </ClCompile>
    <ClCompile Include="..\platform\Windows_x64\ATTest\source\TestDebugger_SymbolIO.cpp">
      <Filter>Source Files</Filter>
    </ClCompile>
    <ClCompile Include="..\platform\Windows_x64\ATTest\source\TestSystem_HashSet.cpp">
      <Filter>Source Files</Filter>
    </ClCompile>
    <ClCompile Include="..\platform\Windows_x64\ATTest\source\TestSystem_HashMap.cpp">
      <Filter>Source Files</Filter>
    </ClCompile>
    <ClCompile Include="..\platform\Windows_x64\ATTest\source\TestNet_NativeSockets.cpp">
      <Filter>Source Files</Filter>
    </ClCompile>
    <ClCompile Include="..\platform\Windows_x64\ATTest\source\TestNet_NativeDatagramLiveTest.cpp">
      <Filter>Source Files</Filter>
    </ClCompile>
    <ClCompile Include="..\platform\Windows_x64\ATTest\source\TestSystem_CRC.cpp">
      <Filter>Source Files</Filter>
    </ClCompile>
    <ClCompile Include="..\platform\Windows_x64\ATTest\source\TestEmu_PokeyPots.cpp">
      <Filter>Source Files</Filter>
    </ClCompile>
    <ClCompile Include="..\platform\Windows_x64\ATTest\source\TestSystem_FastVector.cpp">
      <Filter>Source Files</Filter>
    </ClCompile>
    <ClCompile Include="..\platform\Windows_x64\ATTest\source\TestSystem_Vector.cpp">
      <Filter>Source Files</Filter>
    </ClCompile>
    <ClCompile Include="..\platform\Windows_x64\ATTest\source\TestTrace_CPU.cpp">
      <Filter>Source Files</Filter>
    </ClCompile>
    <ClCompile Include="..\platform\Windows_x64\ATTest\source\TestTrace_IO.cpp">
      <Filter>Source Files</Filter>
    </ClCompile>
    <ClCompile Include="..\platform\Windows_x64\ATTest\source\TestIO_Vorbis.cpp">
      <Filter>Source Files</Filter>
    </ClCompile>
    <ClCompile Include="..\platform\Windows_x64\ATTest\source\TestCore_FFT.cpp">
      <Filter>Source Files</Filter>
    </ClCompile>
    <ClCompile Include="..\platform\Windows_x64\ATTest\source\TestSystem_Exception.cpp">
      <Filter>Source Files</Filter>
    </ClCompile>
    <ClCompile Include="..\platform\Windows_x64\ATTest\source\TestMisc_TTF.cpp">
      <Filter>Source Files</Filter>
    </ClCompile>
    <ClCompile Include="..\platform\Windows_x64\ATTest\source\TestSystem_VecMath.cpp">
      <Filter>Source Files</Filter>
    </ClCompile>
  </ItemGroup>
  <ItemGroup>
	<ClInclude Include="..\h\at\attest\portabletest.h">
	  <Filter>Interface Files</Filter>
	</ClInclude>
    <ClInclude Include="..\platform\Windows_x64\ATTest\h\stdafx.h">
      <Filter>Header Files</Filter>
    </ClInclude>
    <ClInclude Include="..\platform\Windows_x64\ATTest\h\test.h">
      <Filter>Header Files</Filter>
    </ClInclude>
    <ClInclude Include="..\platform\Windows_x64\ATTest\h\blob.h">
      <Filter>Header Files</Filter>
    </ClInclude>
    <ClInclude Include="..\h\at\attest\test.h">
      <Filter>Interface Files</Filter>
    </ClInclude>
  </ItemGroup>
</Project>
