<?xml version="1.0" encoding="utf-8"?>
<Project ToolsVersion="4.0" xmlns="http://schemas.microsoft.com/developer/msbuild/2003">
  <ItemGroup>
    <Filter Include="Source Files">
      <UniqueIdentifier>{f95fc38c-1f76-4d13-98ba-17c3730049cc}</UniqueIdentifier>
      <Extensions>cpp;c;cxx;rc;def;r;odl;idl;hpj;bat</Extensions>
    </Filter>
    <Filter Include="Header Files">
      <UniqueIdentifier>{cc45aaed-47d0-484d-bf3f-9ecde6832878}</UniqueIdentifier>
      <Extensions>h;hpp;hxx;hm;inl</Extensions>
    </Filter>
    <Filter Include="Resource Files">
      <UniqueIdentifier>{94a0cc86-a2f1-4d81-ab42-74a1129a7766}</UniqueIdentifier>
      <Extensions>ico;cur;bmp;dlg;rc2;rct;bin;rgs;gif;jpg;jpeg;jpe</Extensions>
    </Filter>
    <Filter Include="Precompiled Header Files">
      <UniqueIdentifier>{562285e7-4a57-4a95-ab54-0bcccd9822b4}</UniqueIdentifier>
    </Filter>
    <Filter Include="Borrowed Files">
      <UniqueIdentifier>{24770376-abae-47fb-93f7-ef2a2d7c9bd0}</UniqueIdentifier>
    </Filter>
  </ItemGroup>
  <ItemGroup>
    <ClCompile Include="..\platform\Windows_x64\Asuka\source\checkimports.cpp">
      <Filter>Source Files</Filter>
    </ClCompile>
    <ClCompile Include="..\platform\Windows_x64\Asuka\source\filecreator.cpp">
      <Filter>Source Files</Filter>
    </ClCompile>
    <ClCompile Include="..\platform\Windows_x64\Asuka\source\fontencode.cpp">
      <Filter>Source Files</Filter>
    </ClCompile>
    <ClCompile Include="..\platform\Windows_x64\Asuka\source\fontextract.cpp">
      <Filter>Source Files</Filter>
    </ClCompile>
    <ClCompile Include="..\platform\Windows_x64\Asuka\source\fxc10.cpp">
      <Filter>Source Files</Filter>
    </ClCompile>
    <ClCompile Include="..\platform\Windows_x64\Asuka\source\hash.cpp">
      <Filter>Source Files</Filter>
    </ClCompile>
    <ClCompile Include="..\platform\Windows_x64\Asuka\source\main.cpp">
      <Filter>Source Files</Filter>
    </ClCompile>
    <ClCompile Include="..\platform\Windows_x64\Asuka\source\makearray.cpp">
      <Filter>Source Files</Filter>
    </ClCompile>
    <ClCompile Include="..\platform\Windows_x64\Asuka\source\maketables.cpp">
      <Filter>Source Files</Filter>
    </ClCompile>
    <ClCompile Include="..\platform\Windows_x64\Asuka\source\utils.cpp">
      <Filter>Source Files</Filter>
    </ClCompile>
    <ClCompile Include="..\platform\Windows_x64\Asuka\source\stdafx.cpp">
      <Filter>Precompiled Header Files</Filter>
    </ClCompile>
    <ClCompile Include="..\platform\Windows_x64\VDDisplay\source\minid3dx.cpp">
      <Filter>Borrowed Files</Filter>
    </ClCompile>
    <ClCompile Include="..\platform\Windows_x64\Asuka\source\signxml.cpp">
      <Filter>Source Files</Filter>
    </ClCompile>
    <ClCompile Include="..\platform\Windows_x64\Asuka\source\signexport.cpp">
      <Filter>Source Files</Filter>
    </ClCompile>
  </ItemGroup>
  <ItemGroup>
    <ClInclude Include="..\platform\Windows_x64\Asuka\h\filecreator.h">
      <Filter>Header Files</Filter>
    </ClInclude>
    <ClInclude Include="..\platform\Windows_x64\Asuka\res\resource.h">
      <Filter>Header Files</Filter>
    </ClInclude>
    <ClInclude Include="..\platform\Windows_x64\Asuka\h\symbols.h">
      <Filter>Header Files</Filter>
    </ClInclude>
    <ClInclude Include="..\platform\Windows_x64\Asuka\h\utils.h">
      <Filter>Header Files</Filter>
    </ClInclude>
    <ClInclude Include="..\platform\Windows_x64\Asuka\h\stdafx.h">
      <Filter>Precompiled Header Files</Filter>
    </ClInclude>
  </ItemGroup>
  <ItemGroup>
    <ResourceCompile Include="..\platform\Windows_x64\Asuka\res\Asuka.rc">
      <Filter>Resource Files</Filter>
    </ResourceCompile>
  </ItemGroup>
</Project>
